// !$*UTF8*$!
{
	archiveVersion = 1;
	classes = {
	};
	objectVersion = 50;
	objects = {

/* Begin PBXBuildFile section */
		00EB55C32375D0AA006ACB41 /* AppDelegate.swift in Sources */ = {isa = PBXBuildFile; fileRef = 00EB55C22375D0AA006ACB41 /* AppDelegate.swift */; };
		00EB55C52375D0AA006ACB41 /* SceneDelegate.swift in Sources */ = {isa = PBXBuildFile; fileRef = 00EB55C42375D0AA006ACB41 /* SceneDelegate.swift */; };
		00EB55C72375D0AA006ACB41 /* ContentView.swift in Sources */ = {isa = PBXBuildFile; fileRef = 00EB55C62375D0AA006ACB41 /* ContentView.swift */; };
		00EB55C92375D0AB006ACB41 /* Assets.xcassets in Resources */ = {isa = PBXBuildFile; fileRef = 00EB55C82375D0AB006ACB41 /* Assets.xcassets */; };
		00EB55CC2375D0AB006ACB41 /* Preview Assets.xcassets in Resources */ = {isa = PBXBuildFile; fileRef = 00EB55CB2375D0AB006ACB41 /* Preview Assets.xcassets */; };
		00EB55CF2375D0AB006ACB41 /* LaunchScreen.storyboard in Resources */ = {isa = PBXBuildFile; fileRef = 00EB55CD2375D0AB006ACB41 /* LaunchScreen.storyboard */; };
/* End PBXBuildFile section */

/* Begin PBXFileReference section */
		00EB55BF2375D0AA006ACB41 /* Shake Shack Clone.app */ = {isa = PBXFileReference; explicitFileType = wrapper.application; includeInIndex = 0; path = "Shake Shack Clone.app"; sourceTree = BUILT_PRODUCTS_DIR; };
		00EB55C22375D0AA006ACB41 /* AppDelegate.swift */ = {isa = PBXFileReference; lastKnownFileType = sourcecode.swift; path = AppDelegate.swift; sourceTree = "<group>"; };
		00EB55C42375D0AA006ACB41 /* SceneDelegate.swift */ = {isa = PBXFileReference; lastKnownFileType = sourcecode.swift; path = SceneDelegate.swift; sourceTree = "<group>"; };
		00EB55C62375D0AA006ACB41 /* ContentView.swift */ = {isa = PBXFileReference; lastKnownFileType = sourcecode.swift; path = ContentView.swift; sourceTree = "<group>"; };
		00EB55C82375D0AB006ACB41 /* Assets.xcassets */ = {isa = PBXFileReference; lastKnownFileType = folder.assetcatalog; path = Assets.xcassets; sourceTree = "<group>"; };
		00EB55CB2375D0AB006ACB41 /* Preview Assets.xcassets */ = {isa = PBXFileReference; lastKnownFileType = folder.assetcatalog; path = "Preview Assets.xcassets"; sourceTree = "<group>"; };
		00EB55CE2375D0AB006ACB41 /* Base */ = {isa = PBXFileReference; lastKnownFileType = file.storyboard; name = Base; path = Base.lproj/LaunchScreen.storyboard; sourceTree = "<group>"; };
		00EB55D02375D0AB006ACB41 /* Info.plist */ = {isa = PBXFileReference; lastKnownFileType = text.plist.xml; path = Info.plist; sourceTree = "<group>"; };
/* End PBXFileReference section */

/* Begin PBXFrameworksBuildPhase section */
		00EB55BC2375D0AA006ACB41 /* Frameworks */ = {
			isa = PBXFrameworksBuildPhase;
			buildActionMask = 2147483647;
			files = (
			);
			runOnlyForDeploymentPostprocessing = 0;
		};
/* End PBXFrameworksBuildPhase section */

/* Begin PBXGroup section */
		00EB55B62375D0AA006ACB41 = {
			isa = PBXGroup;
			children = (
				00EB55C12375D0AA006ACB41 /* Shake Shack Clone */,
				00EB55C02375D0AA006ACB41 /* Products */,
			);
			sourceTree = "<group>";
		};
		00EB55C02375D0AA006ACB41 /* Products */ = {
			isa = PBXGroup;
			children = (
				00EB55BF2375D0AA006ACB41 /* Shake Shack Clone.app */,
			);
			name = Products;
			sourceTree = "<group>";
		};
		00EB55C12375D0AA006ACB41 /* Shake Shack Clone */ = {
			isa = PBXGroup;
			children = (
				00EB55C22375D0AA006ACB41 /* AppDelegate.swift */,
				00EB55C42375D0AA006ACB41 /* SceneDelegate.swift */,
				00EB55C62375D0AA006ACB41 /* ContentView.swift */,
				00EB55C82375D0AB006ACB41 /* Assets.xcassets */,
				00EB55CD2375D0AB006ACB41 /* LaunchScreen.storyboard */,
				00EB55D02375D0AB006ACB41 /* Info.plist */,
				00EB55CA2375D0AB006ACB41 /* Preview Content */,
			);
			path = "Shake Shack Clone";
			sourceTree = "<group>";
		};
		00EB55CA2375D0AB006ACB41 /* Preview Content */ = {
			isa = PBXGroup;
			children = (
				00EB55CB2375D0AB006ACB41 /* Preview Assets.xcassets */,
			);
			path = "Preview Content";
			sourceTree = "<group>";
		};
/* End PBXGroup section */

/* Begin PBXNativeTarget section */
		00EB55BE2375D0AA006ACB41 /* Shake Shack Clone */ = {
			isa = PBXNativeTarget;
			buildConfigurationList = 00EB55D32375D0AB006ACB41 /* Build configuration list for PBXNativeTarget "Shake Shack Clone" */;
			buildPhases = (
				00EB55BB2375D0AA006ACB41 /* Sources */,
				00EB55BC2375D0AA006ACB41 /* Frameworks */,
				00EB55BD2375D0AA006ACB41 /* Resources */,
			);
			buildRules = (
			);
			dependencies = (
			);
			name = "Shake Shack Clone";
			productName = "Shake Shack Clone";
			productReference = 00EB55BF2375D0AA006ACB41 /* Shake Shack Clone.app */;
			productType = "com.apple.product-type.application";
		};
/* End PBXNativeTarget section */

/* Begin PBXProject section */
		00EB55B72375D0AA006ACB41 /* Project object */ = {
			isa = PBXProject;
			attributes = {
				LastSwiftUpdateCheck = 1120;
				LastUpgradeCheck = 1120;
				ORGANIZATIONNAME = "Caleb Wells";
				TargetAttributes = {
					00EB55BE2375D0AA006ACB41 = {
						CreatedOnToolsVersion = 11.2;
					};
				};
			};
			buildConfigurationList = 00EB55BA2375D0AA006ACB41 /* Build configuration list for PBXProject "Shake Shack Clone" */;
			compatibilityVersion = "Xcode 9.3";
			developmentRegion = en;
			hasScannedForEncodings = 0;
			knownRegions = (
				en,
				Base,
			);
			mainGroup = 00EB55B62375D0AA006ACB41;
			productRefGroup = 00EB55C02375D0AA006ACB41 /* Products */;
			projectDirPath = "";
			projectRoot = "";
			targets = (
				00EB55BE2375D0AA006ACB41 /* Shake Shack Clone */,
			);
		};
/* End PBXProject section */

/* Begin PBXResourcesBuildPhase section */
		00EB55BD2375D0AA006ACB41 /* Resources */ = {
			isa = PBXResourcesBuildPhase;
			buildActionMask = 2147483647;
			files = (
				00EB55CF2375D0AB006ACB41 /* LaunchScreen.storyboard in Resources */,
				00EB55CC2375D0AB006ACB41 /* Preview Assets.xcassets in Resources */,
				00EB55C92375D0AB006ACB41 /* Assets.xcassets in Resources */,
			);
			runOnlyForDeploymentPostprocessing = 0;
		};
/* End PBXResourcesBuildPhase section */

/* Begin PBXSourcesBuildPhase section */
		00EB55BB2375D0AA006ACB41 /* Sources */ = {
			isa = PBXSourcesBuildPhase;
			buildActionMask = 2147483647;
			files = (
				00EB55C32375D0AA006ACB41 /* AppDelegate.swift in Sources */,
				00EB55C52375D0AA006ACB41 /* SceneDelegate.swift in Sources */,
				00EB55C72375D0AA006ACB41 /* ContentView.swift in Sources */,
			);
			runOnlyForDeploymentPostprocessing = 0;
		};
/* End PBXSourcesBuildPhase section */

/* Begin PBXVariantGroup section */
		00EB55CD2375D0AB006ACB41 /* LaunchScreen.storyboard */ = {
			isa = PBXVariantGroup;
			children = (
				00EB55CE2375D0AB006ACB41 /* Base */,
			);
			name = LaunchScreen.storyboard;
			sourceTree = "<group>";
		};
/* End PBXVariantGroup section */

/* Begin XCBuildConfiguration section */
		00EB55D12375D0AB006ACB41 /* Debug */ = {
			isa = XCBuildConfiguration;
			buildSettings = {
				ALWAYS_SEARCH_USER_PATHS = NO;
				CLANG_ANALYZER_NONNULL = YES;
				CLANG_ANALYZER_NUMBER_OBJECT_CONVERSION = YES_AGGRESSIVE;
				CLANG_CXX_LANGUAGE_STANDARD = "gnu++14";
				CLANG_CXX_LIBRARY = "libc++";
				CLANG_ENABLE_MODULES = YES;
				CLANG_ENABLE_OBJC_ARC = YES;
				CLANG_ENABLE_OBJC_WEAK = YES;
				CLANG_WARN_BLOCK_CAPTURE_AUTORELEASING = YES;
				CLANG_WARN_BOOL_CONVERSION = YES;
				CLANG_WARN_COMMA = YES;
				CLANG_WARN_CONSTANT_CONVERSION = YES;
				CLANG_WARN_DEPRECATED_OBJC_IMPLEMENTATIONS = YES;
				CLANG_WARN_DIRECT_OBJC_ISA_USAGE = YES_ERROR;
				CLANG_WARN_DOCUMENTATION_COMMENTS = YES;
				CLANG_WARN_EMPTY_BODY = YES;
				CLANG_WARN_ENUM_CONVERSION = YES;
				CLANG_WARN_INFINITE_RECURSION = YES;
				CLANG_WARN_INT_CONVERSION = YES;
				CLANG_WARN_NON_LITERAL_NULL_CONVERSION = YES;
				CLANG_WARN_OBJC_IMPLICIT_RETAIN_SELF = YES;
				CLANG_WARN_OBJC_LITERAL_CONVERSION = YES;
				CLANG_WARN_OBJC_ROOT_CLASS = YES_ERROR;
				CLANG_WARN_RANGE_LOOP_ANALYSIS = YES;
				CLANG_WARN_STRICT_PROTOTYPES = YES;
				CLANG_WARN_SUSPICIOUS_MOVE = YES;
				CLANG_WARN_UNGUARDED_AVAILABILITY = YES_AGGRESSIVE;
				CLANG_WARN_UNREACHABLE_CODE = YES;
				CLANG_WARN__DUPLICATE_METHOD_MATCH = YES;
				COPY_PHASE_STRIP = NO;
				DEBUG_INFORMATION_FORMAT = dwarf;
				ENABLE_STRICT_OBJC_MSGSEND = YES;
				ENABLE_TESTABILITY = YES;
				GCC_C_LANGUAGE_STANDARD = gnu11;
				GCC_DYNAMIC_NO_PIC = NO;
				GCC_NO_COMMON_BLOCKS = YES;
				GCC_OPTIMIZATION_LEVEL = 0;
				GCC_PREPROCESSOR_DEFINITIONS = (
					"DEBUG=1",
					"$(inherited)",
				);
				GCC_WARN_64_TO_32_BIT_CONVERSION = YES;
				GCC_WARN_ABOUT_RETURN_TYPE = YES_ERROR;
				GCC_WARN_UNDECLARED_SELECTOR = YES;
				GCC_WARN_UNINITIALIZED_AUTOS = YES_AGGRESSIVE;
				GCC_WARN_UNUSED_FUNCTION = YES;
				GCC_WARN_UNUSED_VARIABLE = YES;
				IPHONEOS_DEPLOYMENT_TARGET = 13.2;
				MTL_ENABLE_DEBUG_INFO = INCLUDE_SOURCE;
				MTL_FAST_MATH = YES;
				ONLY_ACTIVE_ARCH = YES;
				SDKROOT = iphoneos;
				SWIFT_ACTIVE_COMPILATION_CONDITIONS = DEBUG;
				SWIFT_OPTIMIZATION_LEVEL = "-Onone";
			};
			name = Debug;
		};
		00EB55D22375D0AB006ACB41 /* Release */ = {
			isa = XCBuildConfiguration;
			buildSettings = {
				ALWAYS_SEARCH_USER_PATHS = NO;
				CLANG_ANALYZER_NONNULL = YES;
				CLANG_ANALYZER_NUMBER_OBJECT_CONVERSION = YES_AGGRESSIVE;
				CLANG_CXX_LANGUAGE_STANDARD = "gnu++14";
				CLANG_CXX_LIBRARY = "libc++";
				CLANG_ENABLE_MODULES = YES;
				CLANG_ENABLE_OBJC_ARC = YES;
				CLANG_ENABLE_OBJC_WEAK = YES;
				CLANG_WARN_BLOCK_CAPTURE_AUTORELEASING = YES;
				CLANG_WARN_BOOL_CONVERSION = YES;
				CLANG_WARN_COMMA = YES;
				CLANG_WARN_CONSTANT_CONVERSION = YES;
				CLANG_WARN_DEPRECATED_OBJC_IMPLEMENTATIONS = YES;
				CLANG_WARN_DIRECT_OBJC_ISA_USAGE = YES_ERROR;
				CLANG_WARN_DOCUMENTATION_COMMENTS = YES;
				CLANG_WARN_EMPTY_BODY = YES;
				CLANG_WARN_ENUM_CONVERSION = YES;
				CLANG_WARN_INFINITE_RECURSION = YES;
				CLANG_WARN_INT_CONVERSION = YES;
				CLANG_WARN_NON_LITERAL_NULL_CONVERSION = YES;
				CLANG_WARN_OBJC_IMPLICIT_RETAIN_SELF = YES;
				CLANG_WARN_OBJC_LITERAL_CONVERSION = YES;
				CLANG_WARN_OBJC_ROOT_CLASS = YES_ERROR;
				CLANG_WARN_RANGE_LOOP_ANALYSIS = YES;
				CLANG_WARN_STRICT_PROTOTYPES = YES;
				CLANG_WARN_SUSPICIOUS_MOVE = YES;
				CLANG_WARN_UNGUARDED_AVAILABILITY = YES_AGGRESSIVE;
				CLANG_WARN_UNREACHABLE_CODE = YES;
				CLANG_WARN__DUPLICATE_METHOD_MATCH = YES;
				COPY_PHASE_STRIP = NO;
				DEBUG_INFORMATION_FORMAT = "dwarf-with-dsym";
				ENABLE_NS_ASSERTIONS = NO;
				ENABLE_STRICT_OBJC_MSGSEND = YES;
				GCC_C_LANGUAGE_STANDARD = gnu11;
				GCC_NO_COMMON_BLOCKS = YES;
				GCC_WARN_64_TO_32_BIT_CONVERSION = YES;
				GCC_WARN_ABOUT_RETURN_TYPE = YES_ERROR;
				GCC_WARN_UNDECLARED_SELECTOR = YES;
				GCC_WARN_UNINITIALIZED_AUTOS = YES_AGGRESSIVE;
				GCC_WARN_UNUSED_FUNCTION = YES;
				GCC_WARN_UNUSED_VARIABLE = YES;
				IPHONEOS_DEPLOYMENT_TARGET = 13.2;
				MTL_ENABLE_DEBUG_INFO = NO;
				MTL_FAST_MATH = YES;
				SDKROOT = iphoneos;
				SWIFT_COMPILATION_MODE = wholemodule;
				SWIFT_OPTIMIZATION_LEVEL = "-O";
				VALIDATE_PRODUCT = YES;
			};
			name = Release;
		};
		00EB55D42375D0AB006ACB41 /* Debug */ = {
			isa = XCBuildConfiguration;
			buildSettings = {
				ASSETCATALOG_COMPILER_APPICON_NAME = AppIcon;
				CODE_SIGN_STYLE = Automatic;
				DEVELOPMENT_ASSET_PATHS = "\"Shake Shack Clone/Preview Content\"";
				DEVELOPMENT_TEAM = 33NUGZ4GWE;
				ENABLE_PREVIEWS = YES;
				INFOPLIST_FILE = "Shake Shack Clone/Info.plist";
				LD_RUNPATH_SEARCH_PATHS = (
					"$(inherited)",
					"@executable_path/Frameworks",
				);
				PRODUCT_BUNDLE_IDENTIFIER = "dev.calebwells.Shake-Shack-Clone";
				PRODUCT_NAME = "$(TARGET_NAME)";
				SWIFT_VERSION = 5.0;
				TARGETED_DEVICE_FAMILY = "1,2";
			};
			name = Debug;
		};
		00EB55D52375D0AB006ACB41 /* Release */ = {
			isa = XCBuildConfiguration;
			buildSettings = {
				ASSETCATALOG_COMPILER_APPICON_NAME = AppIcon;
				CODE_SIGN_STYLE = Automatic;
				DEVELOPMENT_ASSET_PATHS = "\"Shake Shack Clone/Preview Content\"";
				DEVELOPMENT_TEAM = 33NUGZ4GWE;
				ENABLE_PREVIEWS = YES;
				INFOPLIST_FILE = "Shake Shack Clone/Info.plist";
				LD_RUNPATH_SEARCH_PATHS = (
					"$(inherited)",
					"@executable_path/Frameworks",
				);
				PRODUCT_BUNDLE_IDENTIFIER = "dev.calebwells.Shake-Shack-Clone";
				PRODUCT_NAME = "$(TARGET_NAME)";
				SWIFT_VERSION = 5.0;
				TARGETED_DEVICE_FAMILY = "1,2";
			};
			name = Release;
		};
/* End XCBuildConfiguration section */

/* Begin XCConfigurationList section */
		00EB55BA2375D0AA006ACB41 /* Build configuration list for PBXProject "Shake Shack Clone" */ = {
			isa = XCConfigurationList;
			buildConfigurations = (
				00EB55D12375D0AB006ACB41 /* Debug */,
				00EB55D22375D0AB006ACB41 /* Release */,
			);
			defaultConfigurationIsVisible = 0;
			defaultConfigurationName = Release;
		};
		00EB55D32375D0AB006ACB41 /* Build configuration list for PBXNativeTarget "Shake Shack Clone" */ = {
			isa = XCConfigurationList;
			buildConfigurations = (
				00EB55D42375D0AB006ACB41 /* Debug */,
				00EB55D52375D0AB006ACB41 /* Release */,
			);
			defaultConfigurationIsVisible = 0;
			defaultConfigurationName = Release;
		};
/* End XCConfigurationList section */
	};
	rootObject = 00EB55B72375D0AA006ACB41 /* Project object */;
}
